
Microsoft Visual Studio Solution File, Format Version 12.00
Project("{FAE04EC0-301F-11D3-BF4B-00C04F79EFBC}") = "MLLib", "MLLib\MLLib.csproj", "{F3A99D22-8EF0-4156-8300-7C903D407D4E}"
EndProject
Project("{FAE04EC0-301F-11D3-BF4B-00C04F79EFBC}") = "XORCalculator", "XORCalculator\XORCalculator.csproj", "{55646B4F-B18F-478B-AABE-7026F5E6391C}"
EndProject
Project("{FAE04EC0-301F-11D3-BF4B-00C04F79EFBC}") = "WindowHandler", "WindowHandler\WindowHandler.csproj", "{A170AF94-DD8F-4726-B218-DEBECBFC703B}"
EndProject
Project("{2150E333-8FDC-42A3-9474-1A3956D46DE8}") = "Applications", "Applications", "{564EE2C0-D171-4FFB-A529-2A6D6464644F}"
EndProject
Project("{FAE04EC0-301F-11D3-BF4B-00C04F79EFBC}") = "HWDRecognizer", "HWDRecognizer\HWDRecognizer.csproj", "{C8ED9616-BAB2-4436-9A08-990D930FA296}"
EndProject
Project("{FAE04EC0-301F-11D3-BF4B-00C04F79EFBC}") = "TennisClassifier", "TennisClassifier\TennisClassifier.csproj", "{F59C141F-05B6-40D6-8132-35DBEB0B5150}"
EndProject
Project("{FAE04EC0-301F-11D3-BF4B-00C04F79EFBC}") = "Tests", "Tests\Tests.csproj", "{C133C8FF-3306-4039-B758-67AAF1A11E9B}"
EndProject

Project("{2150E333-8FDC-42A3-9474-1A3956D46DE8}") = "Solution Items", "Solution Items", "{10869229-52EA-4846-8EB0-528F7AC2482B}"
ProjectSection(SolutionItems) = preProject
	LICENSE = LICENSE
	.gitignore = .gitignore
        README.md = README.md
EndProjectSection
EndProject

Global
	GlobalSection(SolutionConfigurationPlatforms) = preSolution
		Debug|Any CPU = Debug|Any CPU
		Release|Any CPU = Release|Any CPU
	EndGlobalSection
	GlobalSection(ProjectConfigurationPlatforms) = postSolution
		{F3A99D22-8EF0-4156-8300-7C903D407D4E}.Debug|Any CPU.ActiveCfg = Debug|Any CPU
		{F3A99D22-8EF0-4156-8300-7C903D407D4E}.Debug|Any CPU.Build.0 = Debug|Any CPU
		{F3A99D22-8EF0-4156-8300-7C903D407D4E}.Release|Any CPU.ActiveCfg = Release|Any CPU
		{F3A99D22-8EF0-4156-8300-7C903D407D4E}.Release|Any CPU.Build.0 = Release|Any CPU
		{55646B4F-B18F-478B-AABE-7026F5E6391C}.Debug|Any CPU.ActiveCfg = Debug|Any CPU
		{55646B4F-B18F-478B-AABE-7026F5E6391C}.Debug|Any CPU.Build.0 = Debug|Any CPU
		{55646B4F-B18F-478B-AABE-7026F5E6391C}.Release|Any CPU.ActiveCfg = Release|Any CPU
		{55646B4F-B18F-478B-AABE-7026F5E6391C}.Release|Any CPU.Build.0 = Release|Any CPU
		{A170AF94-DD8F-4726-B218-DEBECBFC703B}.Debug|Any CPU.ActiveCfg = Debug|Any CPU
		{A170AF94-DD8F-4726-B218-DEBECBFC703B}.Debug|Any CPU.Build.0 = Debug|Any CPU
		{A170AF94-DD8F-4726-B218-DEBECBFC703B}.Release|Any CPU.ActiveCfg = Release|Any CPU
		{A170AF94-DD8F-4726-B218-DEBECBFC703B}.Release|Any CPU.Build.0 = Release|Any CPU
		{C8ED9616-BAB2-4436-9A08-990D930FA296}.Debug|Any CPU.ActiveCfg = Debug|Any CPU
		{C8ED9616-BAB2-4436-9A08-990D930FA296}.Debug|Any CPU.Build.0 = Debug|Any CPU
		{C8ED9616-BAB2-4436-9A08-990D930FA296}.Release|Any CPU.ActiveCfg = Release|Any CPU
		{C8ED9616-BAB2-4436-9A08-990D930FA296}.Release|Any CPU.Build.0 = Release|Any CPU
		{F59C141F-05B6-40D6-8132-35DBEB0B5150}.Debug|Any CPU.ActiveCfg = Debug|Any CPU
		{F59C141F-05B6-40D6-8132-35DBEB0B5150}.Debug|Any CPU.Build.0 = Debug|Any CPU
		{F59C141F-05B6-40D6-8132-35DBEB0B5150}.Release|Any CPU.ActiveCfg = Release|Any CPU
		{F59C141F-05B6-40D6-8132-35DBEB0B5150}.Release|Any CPU.Build.0 = Release|Any CPU
		{C133C8FF-3306-4039-B758-67AAF1A11E9B}.Debug|Any CPU.ActiveCfg = Debug|Any CPU
		{C133C8FF-3306-4039-B758-67AAF1A11E9B}.Debug|Any CPU.Build.0 = Debug|Any CPU
		{C133C8FF-3306-4039-B758-67AAF1A11E9B}.Release|Any CPU.ActiveCfg = Release|Any CPU
		{C133C8FF-3306-4039-B758-67AAF1A11E9B}.Release|Any CPU.Build.0 = Release|Any CPU
	EndGlobalSection
	GlobalSection(NestedProjects) = preSolution
		{55646B4F-B18F-478B-AABE-7026F5E6391C} = {564EE2C0-D171-4FFB-A529-2A6D6464644F}
		{C8ED9616-BAB2-4436-9A08-990D930FA296} = {564EE2C0-D171-4FFB-A529-2A6D6464644F}
		{F59C141F-05B6-40D6-8132-35DBEB0B5150} = {564EE2C0-D171-4FFB-A529-2A6D6464644F}
		{C133C8FF-3306-4039-B758-67AAF1A11E9B} = {564EE2C0-D171-4FFB-A529-2A6D6464644F}
	EndGlobalSection
EndGlobal
